# This file is automatically @generated by Poetry 2.1.3 and should not be changed by hand.

[[package]]
name = "lzokay"
version = "2.1.0"
description = "Python bindings for LZ👌, a LZO compression/decompression algorithm."
optional = false
python-versions = ">=3.10"
groups = ["main"]
files = [
    {file = "lzokay-2.1.0-cp310-abi3-macosx_10_12_x86_64.whl", hash = "sha256:354be3a13de4a4d1b5055d7987ee3abfc2c7771c4bd0bc1cccd5e9bd7eab824e"},
    {file = "lzokay-2.1.0-cp310-abi3-macosx_11_0_arm64.whl", hash = "sha256:4daf4f9e266257cc33e43aca5419e6baea0edb44371dde064a8423f0332f705a"},
    {file = "lzokay-2.1.0-cp310-abi3-manylinux_2_17_aarch64.manylinux2014_aarch64.whl", hash = "sha256:8797a58ed8b70e7556eab747105abbfae41716824eec7038f2e3a10d99ae276e"},
    {file = "lzokay-2.1.0-cp310-abi3-manylinux_2_17_armv7l.manylinux2014_armv7l.whl", hash = "sha256:34d0635cd0bb918f27abec86b43dbff03d3f04082c729b3cb2ec481c6bc5551f"},
    {file = "lzokay-2.1.0-cp310-abi3-manylinux_2_17_i686.manylinux2014_i686.whl", hash = "sha256:5b35f888418fdd7d85ec8ae6e457a1d5f4a3f81782ebb1ebf66d664171425ca8"},
    {file = "lzokay-2.1.0-cp310-abi3-manylinux_2_17_x86_64.manylinux2014_x86_64.whl", hash = "sha256:6aa14b39ea6d80159a25de0f337b85cd59413a1e42c9ba34e18216202099ab8a"},
    {file = "lzokay-2.1.0-cp310-abi3-musllinux_1_2_aarch64.whl", hash = "sha256:5509589d8f12d4e9efcf5aa90239c701459b122ee2c788533c693c415ea4f55b"},
    {file = "lzokay-2.1.0-cp310-abi3-musllinux_1_2_armv7l.whl", hash = "sha256:fa2a5abd954c09db1173f69eda8914c650c085179f5f0684ab3faf64d9f39483"},
    {file = "lzokay-2.1.0-cp310-abi3-musllinux_1_2_i686.whl", hash = "sha256:c87c9fa436368853c86204c3155ff76ae68328a627a70c602713d7e6ec9ee846"},
    {file = "lzokay-2.1.0-cp310-abi3-musllinux_1_2_x86_64.whl", hash = "sha256:ff1619f66f0116b3142063decec955a6578f62518ae9050cd393986f4c14b73d"},
    {file = "lzokay-2.1.0-cp310-abi3-win32.whl", hash = "sha256:5577ee05b33bbce28572a44c939ebeba67908cf5fc7f2c45c367130047e5a77b"},
    {file = "lzokay-2.1.0-cp310-abi3-win_amd64.whl", hash = "sha256:928f33f3ff238f9326006a418100a32394847edfb664442e433025f919c4e2f7"},
    {file = "lzokay-2.1.0-cp310-abi3-win_arm64.whl", hash = "sha256:32ec987a183ee82ea66902162784db2d0f4f184c3e72b8159d7a8f0c333de8b7"},
    {file = "lzokay-2.1.0-cp313-cp313t-macosx_10_12_x86_64.whl", hash = "sha256:7ebeb25e35aeeb9fe0526771409d0407936676c9b0e0de0185f12d9d8ade3ed7"},
    {file = "lzokay-2.1.0-cp313-cp313t-macosx_11_0_arm64.whl", hash = "sha256:62e1e3b4aca0b90bffeff31d72dcb6b1bb727c1ba67f5004642ffe45ebb88ac7"},
    {file = "lzokay-2.1.0-cp313-cp313t-manylinux_2_17_aarch64.manylinux2014_aarch64.whl", hash = "sha256:0e13c8df77b2ac87ebccf6167c856840a24165c40ee8230a3d556e2f404b8d5a"},
    {file = "lzokay-2.1.0-cp313-cp313t-manylinux_2_17_armv7l.manylinux2014_armv7l.whl", hash = "sha256:6ba9ceb4715c8550bf6e91a58ca29f4161fa396820f424a7080842206901901d"},
    {file = "lzokay-2.1.0-cp313-cp313t-manylinux_2_17_i686.manylinux2014_i686.whl", hash = "sha256:4e6d7984450b1575815f822b3d0b834063d60e33c6b5a57081571d0f96b86ebc"},
    {file = "lzokay-2.1.0-cp313-cp313t-manylinux_2_17_x86_64.manylinux2014_x86_64.whl", hash = "sha256:41a4cd5a20a81cf8e27ae1883a9eced4ad1bfe694fad54b67117434100fc45db"},
    {file = "lzokay-2.1.0-cp313-cp313t-musllinux_1_2_aarch64.whl", hash = "sha256:3c21198d8736905ce4d9417c64e1f62ac3d0c2b9a5efb8e457144c8dd43e20b1"},
    {file = "lzokay-2.1.0-cp313-cp313t-musllinux_1_2_armv7l.whl", hash = "sha256:dfabbc0d33bc6ffa226fbc6fed51fdae5478de40caabd3e315334cd51e4c1a7b"},
    {file = "lzokay-2.1.0-cp313-cp313t-musllinux_1_2_i686.whl", hash = "sha256:99a32c751621b69ab973987c2d8cef3bb4a7db1a970856b336fe54b0a8e8eafd"},
    {file = "lzokay-2.1.0-cp313-cp313t-musllinux_1_2_x86_64.whl", hash = "sha256:448341994a3010c5ad315c117a82f8d718c3a6206a63f53099179c199dabccda"},
    {file = "lzokay-2.1.0-cp313-cp313t-win32.whl", hash = "sha256:6816c077a9782fad4833f6f913234ef5761c45287afad05cc58edef4e9003c34"},
    {file = "lzokay-2.1.0-cp313-cp313t-win_amd64.whl", hash = "sha256:414f847f719408de51551857afa179146d9db30e76712caa89b5dac2e1f68e5e"},
    {file = "lzokay-2.1.0-cp313-cp313t-win_arm64.whl", hash = "sha256:17f8bbc43bb95eabfbdc150fe517037954e172b78768dbac2e2054c63355eac1"},
    {file = "lzokay-2.1.0-cp314-cp314t-macosx_10_12_x86_64.whl", hash = "sha256:b489aaee686410909216d7efe175a0f16071741d54b6ace412c48ae3af71a897"},
    {file = "lzokay-2.1.0-cp314-cp314t-macosx_11_0_arm64.whl", hash = "sha256:b43714a5b7aedb9a6fa4bb82fd0f8062f5325a4c874940314c9539a7ea72185a"},
    {file = "lzokay-2.1.0-cp314-cp314t-manylinux_2_17_aarch64.manylinux2014_aarch64.whl", hash = "sha256:e00ad70bc6f5165a492cb0fd52fd0c581afdb43a46b1ae0f5d1c46a35e809717"},
    {file = "lzokay-2.1.0-cp314-cp314t-manylinux_2_17_armv7l.manylinux2014_armv7l.whl", hash = "sha256:07dc52c25e3c22416ce1e587ef5bf72a3a9d7a9c2ca2cc26d7b9af0a6e4aeb6a"},
    {file = "lzokay-2.1.0-cp314-cp314t-manylinux_2_17_i686.manylinux2014_i686.whl", hash = "sha256:893e423de89019771d406dad3b5449dd2eee433396b16743a158e980acd7a61f"},
    {file = "lzokay-2.1.0-cp314-cp314t-manylinux_2_17_x86_64.manylinux2014_x86_64.whl", hash = "sha256:34cf7bab951975e1f23b0fcea03d89eab344245ebcac1f12ebd09a7ee4b1cf74"},
    {file = "lzokay-2.1.0-cp314-cp314t-musllinux_1_2_aarch64.whl", hash = "sha256:331d01e017cf966d36593ef04ab181245d8d3b187a68750ee317119f74529b7a"},
    {file = "lzokay-2.1.0-cp314-cp314t-musllinux_1_2_armv7l.whl", hash = "sha256:e2a53899627bfeadc9c9f4bbe7d846577eda445153819e35d53a25cd21bee32c"},
    {file = "lzokay-2.1.0-cp314-cp314t-musllinux_1_2_i686.whl", hash = "sha256:6c0e40936411a359fd978a12d93921b12d76bf6fa0d434d30809ff6d890a9522"},
    {file = "lzokay-2.1.0-cp314-cp314t-musllinux_1_2_x86_64.whl", hash = "sha256:8b9d162680ff3d6f384cfc18edd249eb83cd10d652e4492379b11ad219b9cb8c"},
    {file = "lzokay-2.1.0-cp314-cp314t-win32.whl", hash = "sha256:fb1809da265cfc0cd1f36b1ee2bd31402ea142ec68a27975de1104d93c2fe197"},
    {file = "lzokay-2.1.0-cp314-cp314t-win_amd64.whl", hash = "sha256:faff98ffc512f8667c4407e1b0f696918d7be257744a4a3d88defe7ffb48d7be"},
    {file = "lzokay-2.1.0-cp314-cp314t-win_arm64.whl", hash = "sha256:43540c26a1302a440ae184886adf04956b11e9b1162d562d86e8de881d8748f9"},
    {file = "lzokay-2.1.0.tar.gz", hash = "sha256:5796a1f784b00a6b445315c1acbc4ad7a922b0eec07f3d697b4f6c60c5da853b"},
]

[package.extras]
test = ["pytest"]

[[package]]
name = "mobase-stubs"
version = "2.5.2"
description = "PEP561 stub files for the mobase Python API."
optional = false
python-versions = "<4.0,>=3.12"
groups = ["dev"]
files = [
    {file = "mobase_stubs-2.5.2-py3-none-any.whl", hash = "sha256:6a2c1c95494e7dc0d0f51d4f8f178423c0d9904f823f3c44845315bff304b948"},
    {file = "mobase_stubs-2.5.2.tar.gz", hash = "sha256:70c15579828df3bce01746e51fee07176390cdc386facea2b156ea04b3de055c"},
]

[[package]]
name = "nodeenv"
version = "1.9.1"
description = "Node.js virtual environment builder"
optional = false
python-versions = "!=3.0.*,!=3.1.*,!=3.2.*,!=3.3.*,!=3.4.*,!=3.5.*,!=3.6.*,>=2.7"
groups = ["dev"]
files = [
    {file = "nodeenv-1.9.1-py2.py3-none-any.whl", hash = "sha256:ba11c9782d29c27c70ffbdda2d7415098754709be8a7056d79a737cd901155c9"},
    {file = "nodeenv-1.9.1.tar.gz", hash = "sha256:6ec12890a2dab7946721edbfbcd91f3319c6ccc9aec47be7c7e6b7011ee6645f"},
]

[[package]]
name = "pastel"
version = "0.2.1"
description = "Bring colors to your terminal."
optional = false
python-versions = ">=2.7, !=3.0.*, !=3.1.*, !=3.2.*, !=3.3.*"
groups = ["dev"]
files = [
    {file = "pastel-0.2.1-py2.py3-none-any.whl", hash = "sha256:4349225fcdf6c2bb34d483e523475de5bb04a5c10ef711263452cb37d7dd4364"},
    {file = "pastel-0.2.1.tar.gz", hash = "sha256:e6581ac04e973cac858828c6202c1e1e81fee1dc7de7683f3e1ffe0bfd8a573d"},
]

[[package]]
name = "poethepoet"
version = "0.46.0"
description = "A task runner that works well with poetry and uv."
optional = false
python-versions = ">=3.10"
groups = ["dev"]
files = [
    {file = "poethepoet-0.46.0-py3-none-any.whl", hash = "sha256:dc6d770a14792d124abac9066c5a707876027d1878ac9ca26cf57e9b2a96dc89"},
    {file = "poethepoet-0.46.0.tar.gz", hash = "sha256:daf8469031879ef59ef0b34fdba83574d65e41eb9186e20cd0f7c89ce479b030"},
]

[package.dependencies]
pastel = ">=0.2.1,<0.3.0"
pyyaml = ">=6.0.3,<7.0"

[package.extras]
poetry-plugin = ["poetry (>=1.2.0,<3.0.0) ; python_version < \"4.0\""]

[[package]]
name = "psutil"
version = "7.2.2"
description = "Cross-platform lib for process and system monitoring."
optional = false
python-versions = ">=3.6"
groups = ["main"]
files = [
    {file = "psutil-7.2.2-cp313-cp313t-macosx_10_13_x86_64.whl", hash = "sha256:2edccc433cbfa046b980b0df0171cd25bcaeb3a68fe9022db0979e7aa74a826b"},
    {file = "psutil-7.2.2-cp313-cp313t-macosx_11_0_arm64.whl", hash = "sha256:e78c8603dcd9a04c7364f1a3e670cea95d51ee865e4efb3556a3a63adef958ea"},
    {file = "psutil-7.2.2-cp313-cp313t-manylinux2010_x86_64.manylinux_2_12_x86_64.manylinux_2_28_x86_64.whl", hash = "sha256:1a571f2330c966c62aeda00dd24620425d4b0cc86881c89861fbc04549e5dc63"},
    {file = "psutil-7.2.2-cp313-cp313t-manylinux2014_aarch64.manylinux_2_17_aarch64.manylinux_2_28_aarch64.whl", hash = "sha256:917e891983ca3c1887b4ef36447b1e0873e70c933afc831c6b6da078ba474312"},
    {file = "psutil-7.2.2-cp313-cp313t-win_amd64.whl", hash = "sha256:ab486563df44c17f5173621c7b198955bd6b613fb87c71c161f827d3fb149a9b"},
    {file = "psutil-7.2.2-cp313-cp313t-win_arm64.whl", hash = "sha256:ae0aefdd8796a7737eccea863f80f81e468a1e4cf14d926bd9b6f5f2d5f90ca9"},
    {file = "psutil-7.2.2-cp314-cp314t-macosx_10_15_x86_64.whl", hash = "sha256:eed63d3b4d62449571547b60578c5b2c4bcccc5387148db46e0c2313dad0ee00"},
    {file = "psutil-7.2.2-cp314-cp314t-macosx_11_0_arm64.whl", hash = "sha256:7b6d09433a10592ce39b13d7be5a54fbac1d1228ed29abc880fb23df7cb694c9"},
    {file = "psutil-7.2.2-cp314-cp314t-manylinux2010_x86_64.manylinux_2_12_x86_64.manylinux_2_28_x86_64.whl", hash = "sha256:1fa4ecf83bcdf6e6c8f4449aff98eefb5d0604bf88cb883d7da3d8d2d909546a"},
    {file = "psutil-7.2.2-cp314-cp314t-manylinux2014_aarch64.manylinux_2_17_aarch64.manylinux_2_28_aarch64.whl", hash = "sha256:e452c464a02e7dc7822a05d25db4cde564444a67e58539a00f929c51eddda0cf"},
    {file = "psutil-7.2.2-cp314-cp314t-win_amd64.whl", hash = "sha256:c7663d4e37f13e884d13994247449e9f8f574bc4655d509c3b95e9ec9e2b9dc1"},
    {file = "psutil-7.2.2-cp314-cp314t-win_arm64.whl", hash = "sha256:11fe5a4f613759764e79c65cf11ebdf26e33d6dd34336f8a337aa2996d71c841"},
    {file = "psutil-7.2.2-cp36-abi3-macosx_10_9_x86_64.whl", hash = "sha256:ed0cace939114f62738d808fdcecd4c869222507e266e574799e9c0faa17d486"},
    {file = "psutil-7.2.2-cp36-abi3-macosx_11_0_arm64.whl", hash = "sha256:1a7b04c10f32cc88ab39cbf606e117fd74721c831c98a27dc04578deb0c16979"},
    {file = "psutil-7.2.2-cp36-abi3-manylinux2010_x86_64.manylinux_2_12_x86_64.manylinux_2_28_x86_64.whl", hash = "sha256:076a2d2f923fd4821644f5ba89f059523da90dc9014e85f8e45a5774ca5bc6f9"},
    {file = "psutil-7.2.2-cp36-abi3-manylinux2014_aarch64.manylinux_2_17_aarch64.manylinux_2_28_aarch64.whl", hash = "sha256:b0726cecd84f9474419d67252add4ac0cd9811b04d61123054b9fb6f57df6e9e"},
    {file = "psutil-7.2.2-cp36-abi3-musllinux_1_2_aarch64.whl", hash = "sha256:fd04ef36b4a6d599bbdb225dd1d3f51e00105f6d48a28f006da7f9822f2606d8"},
    {file = "psutil-7.2.2-cp36-abi3-musllinux_1_2_x86_64.whl", hash = "sha256:b58fabe35e80b264a4e3bb23e6b96f9e45a3df7fb7eed419ac0e5947c61e47cc"},
    {file = "psutil-7.2.2-cp37-abi3-win_amd64.whl", hash = "sha256:eb7e81434c8d223ec4a219b5fc1c47d0417b12be7ea866e24fb5ad6e84b3d988"},
    {file = "psutil-7.2.2-cp37-abi3-win_arm64.whl", hash = "sha256:8c233660f575a5a89e6d4cb65d9f938126312bca76d8fe087b947b3a1aaac9ee"},
    {file = "psutil-7.2.2.tar.gz", hash = "sha256:0746f5f8d406af344fd547f1c8daa5f5c33dbc293bb8d6a16d80b4bb88f59372"},
]

[package.extras]
dev = ["abi3audit", "black", "check-manifest", "colorama ; os_name == \"nt\"", "coverage", "packaging", "psleak", "pylint", "pyperf", "pypinfo", "pyreadline3 ; os_name == \"nt\"", "pytest", "pytest-cov", "pytest-instafail", "pytest-xdist", "pywin32 ; os_name == \"nt\" and implementation_name != \"pypy\"", "requests", "rstcheck", "ruff", "setuptools", "sphinx", "sphinx_rtd_theme", "toml-sort", "twine", "validate-pyproject[all]", "virtualenv", "vulture", "wheel", "wheel ; os_name == \"nt\" and implementation_name != \"pypy\"", "wmi ; os_name == \"nt\" and implementation_name != \"pypy\""]
test = ["psleak", "pytest", "pytest-instafail", "pytest-xdist", "pywin32 ; os_name == \"nt\" and implementation_name != \"pypy\"", "setuptools", "wheel ; os_name == \"nt\" and implementation_name != \"pypy\"", "wmi ; os_name == \"nt\" and implementation_name != \"pypy\""]

[[package]]
name = "pyqt6"
version = "6.11.0"
description = "Python bindings for the Qt cross platform application toolkit"
optional = false
python-versions = ">=3.10"
groups = ["main"]
files = [
    {file = "pyqt6-6.11.0-cp310-abi3-macosx_10_14_universal2.whl", hash = "sha256:f7100bc7f72b12581ec479a733f4ad11b8002668e6786e8a445ab6f4d1c743d4"},
    {file = "pyqt6-6.11.0-cp310-abi3-manylinux_2_34_x86_64.whl", hash = "sha256:8555277989fa7d114cb3c3443fd261d566909f7268ceedd41d93a5f02d37ec05"},
    {file = "pyqt6-6.11.0-cp310-abi3-manylinux_2_39_aarch64.whl", hash = "sha256:0734959955adde095af9a074213a7f73386d1bbbddfc27346b4c0621641a692e"},
    {file = "pyqt6-6.11.0-cp310-abi3-win_amd64.whl", hash = "sha256:bd11b459c54dca068e988a42cf838303334f0d441b9d16d92ae6719fcb5ac6ba"},
    {file = "pyqt6-6.11.0-cp310-abi3-win_arm64.whl", hash = "sha256:b6324e3501b19b4292c7a55b1f22e82d3e80e519e383ce4fe79b4a754c6f0288"},
    {file = "pyqt6-6.11.0.tar.gz", hash = "sha256:45dd60aa69976de1918b5ced6b4e7b6a25abd2a919ecef5fd5826ecc76718889"},
]

[package.dependencies]
PyQt6-Qt6 = ">=6.11.0,<6.12.0"
PyQt6-sip = ">=13.8,<14"

[[package]]
name = "pyqt6-qt6"
version = "6.11.1"
description = "The subset of a Qt installation needed by PyQt6."
optional = false
python-versions = "*"
groups = ["main"]
files = [
    {file = "pyqt6_qt6-6.11.1-py3-none-macosx_10_14_x86_64.whl", hash = "sha256:694486f18b7ab9b1edcdb50e0c9f5cb726e096107da90ae7b0e810f18e2002b3"},
    {file = "pyqt6_qt6-6.11.1-py3-none-macosx_11_0_arm64.whl", hash = "sha256:fd05b31a3c83111b6eb82bb472ccfe531ef823f70d085b82fd1edc5ad2553c54"},
    {file = "pyqt6_qt6-6.11.1-py3-none-manylinux_2_34_x86_64.whl", hash = "sha256:254af349e0ef4b2fa581f86ee9d65eb797bb1d4f0c01ae5ceaa7b2446b458be9"},
    {file = "pyqt6_qt6-6.11.1-py3-none-manylinux_2_39_aarch64.whl", hash = "sha256:039b1ab619d63d06a87cacf84b581a2b61a30c9ad5bb677553e738afe4dc433a"},
    {file = "pyqt6_qt6-6.11.1-py3-none-win_amd64.whl", hash = "sha256:7486c80512e823f2d3087e67f854f0556b345f4368040a853c8dc4d30fd3fe69"},
    {file = "pyqt6_qt6-6.11.1-py3-none-win_arm64.whl", hash = "sha256:120efbedf833e5bbbc3d64ebdb139b44ff34e60f34410c7b1c2c26d230380bda"},
]

[[package]]
name = "pyqt6-sip"
version = "13.10.0"
description = "The sip module support for PyQt6"
optional = false
python-versions = ">=3.9"
groups = ["main"]
files = [
    {file = "PyQt6_sip-13.10.0-cp310-cp310-macosx_10_9_universal2.whl", hash = "sha256:e7b1258963717cfae1d30e262bb784db808072a8a674d98f57c2076caaa50499"},
    {file = "PyQt6_sip-13.10.0-cp310-cp310-manylinux_2_17_aarch64.manylinux2014_aarch64.whl", hash = "sha256:d27a3fed2a461f179d3cde6a74530fbad629ccaa66ed739b9544fda1932887af"},
    {file = "PyQt6_sip-13.10.0-cp310-cp310-manylinux_2_5_x86_64.manylinux1_x86_64.whl", hash = "sha256:0422781c77b85eefd7a26f104c5998ede178a16b0fd35212664250215b6e5e4c"},
    {file = "PyQt6_sip-13.10.0-cp310-cp310-win_amd64.whl", hash = "sha256:f64183dde2af36515dab515f4301a5a8d9b3658b231769fa48fe6287dc52f375"},
    {file = "PyQt6_sip-13.10.0-cp311-cp311-macosx_10_9_universal2.whl", hash = "sha256:6e78fb8036b18f6258a1af0956c5a3cec1dd3d8dd5196ecd89a31b529bf40e82"},
    {file = "PyQt6_sip-13.10.0-cp311-cp311-manylinux_2_17_aarch64.manylinux2014_aarch64.whl", hash = "sha256:e19d5887fa3003a635419644dfed3158cb15eb566fc27b1ed56913a5767a71dc"},
    {file = "PyQt6_sip-13.10.0-cp311-cp311-manylinux_2_5_x86_64.manylinux1_x86_64.whl", hash = "sha256:079bb946edc3960f08d92b3a8eebff55d3abb51bc2a0583b6683dfd9f77a616a"},
    {file = "PyQt6_sip-13.10.0-cp311-cp311-win_amd64.whl", hash = "sha256:90974f5dbba1f5d1d2ca9b1cfdfd5258e5e3cfacead03f0df674d54c69973ea7"},
    {file = "PyQt6_sip-13.10.0-cp311-cp311-win_arm64.whl", hash = "sha256:bbefd5539eeda4dec37e8b6dfc362ba240ec31279060336bcceaff572807dac8"},
    {file = "PyQt6_sip-13.10.0-cp312-cp312-macosx_10_9_universal2.whl", hash = "sha256:48791db2914fc39c3218519a02d2a5fd3fcd354a1be3141a57bf2880701486f2"},
    {file = "PyQt6_sip-13.10.0-cp312-cp312-manylinux_2_17_aarch64.manylinux2014_aarch64.whl", hash = "sha256:466d6b4791973c9fcbdc2e0087ed194b9ea802a8c3948867a849498f0841c70c"},
    {file = "PyQt6_sip-13.10.0-cp312-cp312-manylinux_2_5_x86_64.manylinux1_x86_64.whl", hash = "sha256:ae15358941f127cd3d1ab09c1ebd45c4dabb0b2e91587b9eebde0279d0039c54"},
    {file = "PyQt6_sip-13.10.0-cp312-cp312-win_amd64.whl", hash = "sha256:ad573184fa8b00041944e5a17d150ab0d08db2d2189e39c9373574ebab3f2e58"},
    {file = "PyQt6_sip-13.10.0-cp312-cp312-win_arm64.whl", hash = "sha256:2d579d810d0047d40bde9c6aef281d6ed218db93c9496ebc9e55b9e6f27a229d"},
    {file = "PyQt6_sip-13.10.0-cp313-cp313-macosx_10_13_universal2.whl", hash = "sha256:7b6e250c2e7c14702a623f2cc1479d7fb8db2b6eee9697cac10d06fe79c281bb"},
    {file = "PyQt6_sip-13.10.0-cp313-cp313-manylinux_2_17_aarch64.manylinux2014_aarch64.whl", hash = "sha256:0fcb30756568f8cd59290f9ef2ae5ee3e72ff9cdd61a6f80c9e3d3b95ae676be"},
    {file = "PyQt6_sip-13.10.0-cp313-cp313-manylinux_2_5_x86_64.manylinux1_x86_64.whl", hash = "sha256:757ac52c92b2ef0b56ecc7cd763b55a62d3c14271d7ea8d03315af85a70090ff"},
    {file = "PyQt6_sip-13.10.0-cp313-cp313-win_amd64.whl", hash = "sha256:571900c44a3e38738d696234d94fe2043972b9de0633505451c99e2922cb6a34"},
    {file = "PyQt6_sip-13.10.0-cp313-cp313-win_arm64.whl", hash = "sha256:39cba2cc71cf80a99b4dc8147b43508d4716e128f9fb99f5eb5860a37f082282"},
    {file = "PyQt6_sip-13.10.0-cp39-cp39-macosx_10_9_universal2.whl", hash = "sha256:5f026a1278f9c2a745542d4a05350f2392d4cf339275fb8efccb47b0f213d120"},
    {file = "PyQt6_sip-13.10.0-cp39-cp39-manylinux_2_17_aarch64.manylinux2014_aarch64.whl", hash = "sha256:548c70bc40d993be0eb011e1bbc41ba7c95f6af375613b58217f39ad8d703345"},
    {file = "PyQt6_sip-13.10.0-cp39-cp39-manylinux_2_5_x86_64.manylinux1_x86_64.whl", hash = "sha256:21417ffd2c489afef114cb09683bbc0fb24d78df848a21fc0d09e70ecbb0a4a4"},
    {file = "PyQt6_sip-13.10.0-cp39-cp39-win_amd64.whl", hash = "sha256:6e1b1f7a29290afc83bcd9970e0cffa2d0da87d81796b6eab7b6f583e4f49652"},
    {file = "pyqt6_sip-13.10.0.tar.gz", hash = "sha256:d6daa95a0bd315d9ec523b549e0ce97455f61ded65d5eafecd83ed2aa4ae5350"},
]

[[package]]
name = "pyright"
version = "1.1.409"
description = "Command line wrapper for pyright"
optional = false
python-versions = ">=3.7"
groups = ["dev"]
files = [
    {file = "pyright-1.1.409-py3-none-any.whl", hash = "sha256:aa3ea228cab90c845c7a60d28db7a844c04315356392aa09fafcee98c8c22fb3"},
    {file = "pyright-1.1.409.tar.gz", hash = "sha256:986ee05beca9e077c165758ad123667c679e050059a2546aa02473930394bc93"},
]

[package.dependencies]
nodeenv = ">=1.6.0"
typing-extensions = ">=4.1"

[package.extras]
all = ["nodejs-wheel-binaries", "twine (>=3.4.1)"]
dev = ["twine (>=3.4.1)"]
nodejs = ["nodejs-wheel-binaries"]

[[package]]
name = "pyyaml"
version = "6.0.3"
description = "YAML parser and emitter for Python"
optional = false
python-versions = ">=3.8"
groups = ["main", "dev"]
files = [
    {file = "PyYAML-6.0.3-cp38-cp38-macosx_10_13_x86_64.whl", hash = "sha256:c2514fceb77bc5e7a2f7adfaa1feb2fb311607c9cb518dbc378688ec73d8292f"},
    {file = "PyYAML-6.0.3-cp38-cp38-manylinux2014_aarch64.manylinux_2_17_aarch64.manylinux_2_28_aarch64.whl", hash = "sha256:9c57bb8c96f6d1808c030b1687b9b5fb476abaa47f0db9c0101f5e9f394e97f4"},
    {file = "PyYAML-6.0.3-cp38-cp38-manylinux2014_s390x.manylinux_2_17_s390x.manylinux_2_28_s390x.whl", hash = "sha256:efd7b85f94a6f21e4932043973a7ba2613b059c4a000551892ac9f1d11f5baf3"},
    {file = "PyYAML-6.0.3-cp38-cp38-manylinux2014_x86_64.manylinux_2_17_x86_64.manylinux_2_28_x86_64.whl", hash = "sha256:22ba7cfcad58ef3ecddc7ed1db3409af68d023b7f940da23c6c2a1890976eda6"},
    {file = "PyYAML-6.0.3-cp38-cp38-musllinux_1_2_x86_64.whl", hash = "sha256:6344df0d5755a2c9a276d4473ae6b90647e216ab4757f8426893b5dd2ac3f369"},
    {file = "PyYAML-6.0.3-cp38-cp38-win32.whl", hash = "sha256:3ff07ec89bae51176c0549bc4c63aa6202991da2d9a6129d7aef7f1407d3f295"},
    {file = "PyYAML-6.0.3-cp38-cp38-win_amd64.whl", hash = "sha256:5cf4e27da7e3fbed4d6c3d8e797387aaad68102272f8f9752883bc32d61cb87b"},
    {file = "pyyaml-6.0.3-cp310-cp310-macosx_10_13_x86_64.whl", hash = "sha256:214ed4befebe12df36bcc8bc2b64b396ca31be9304b8f59e25c11cf94a4c033b"},
    {file = "pyyaml-6.0.3-cp310-cp310-macosx_11_0_arm64.whl", hash = "sha256:02ea2dfa234451bbb8772601d7b8e426c2bfa197136796224e50e35a78777956"},
    {file = "pyyaml-6.0.3-cp310-cp310-manylinux2014_aarch64.manylinux_2_17_aarch64.manylinux_2_28_aarch64.whl", hash = "sha256:b30236e45cf30d2b8e7b3e85881719e98507abed1011bf463a8fa23e9c3e98a8"},
    {file = "pyyaml-6.0.3-cp310-cp310-manylinux2014_s390x.manylinux_2_17_s390x.manylinux_2_28_s390x.whl", hash = "sha256:66291b10affd76d76f54fad28e22e51719ef9ba22b29e1d7d03d6777a9174198"},
    {file = "pyyaml-6.0.3-cp310-cp310-manylinux2014_x86_64.manylinux_2_17_x86_64.manylinux_2_28_x86_64.whl", hash = "sha256:9c7708761fccb9397fe64bbc0395abcae8c4bf7b0eac081e12b809bf47700d0b"},
    {file = "pyyaml-6.0.3-cp310-cp310-musllinux_1_2_aarch64.whl", hash = "sha256:418cf3f2111bc80e0933b2cd8cd04f286338bb88bdc7bc8e6dd775ebde60b5e0"},
    {file = "pyyaml-6.0.3-cp310-cp310-musllinux_1_2_x86_64.whl", hash = "sha256:5e0b74767e5f8c593e8c9b5912019159ed0533c70051e9cce3e8b6aa699fcd69"},
    {file = "pyyaml-6.0.3-cp310-cp310-win32.whl", hash = "sha256:28c8d926f98f432f88adc23edf2e6d4921ac26fb084b028c733d01868d19007e"},
    {file = "pyyaml-6.0.3-cp310-cp310-win_amd64.whl", hash = "sha256:bdb2c67c6c1390b63c6ff89f210c8fd09d9a1217a465701eac7316313c915e4c"},
    {file = "pyyaml-6.0.3-cp311-cp311-macosx_10_13_x86_64.whl", hash = "sha256:44edc647873928551a01e7a563d7452ccdebee747728c1080d881d68af7b997e"},
    {file = "pyyaml-6.0.3-cp311-cp311-macosx_11_0_arm64.whl", hash = "sha256:652cb6edd41e718550aad172851962662ff2681490a8a711af6a4d288dd96824"},
    {file = "pyyaml-6.0.3-cp311-cp311-manylinux2014_aarch64.manylinux_2_17_aarch64.manylinux_2_28_aarch64.whl", hash = "sha256:10892704fc220243f5305762e276552a0395f7beb4dbf9b14ec8fd43b57f126c"},
    {file = "pyyaml-6.0.3-cp311-cp311-manylinux2014_s390x.manylinux_2_17_s390x.manylinux_2_28_s390x.whl", hash = "sha256:850774a7879607d3a6f50d36d04f00ee69e7fc816450e5f7e58d7f17f1ae5c00"},
    {file = "pyyaml-6.0.3-cp311-cp311-manylinux2014_x86_64.manylinux_2_17_x86_64.manylinux_2_28_x86_64.whl", hash = "sha256:b8bb0864c5a28024fac8a632c443c87c5aa6f215c0b126c449ae1a150412f31d"},
    {file = "pyyaml-6.0.3-cp311-cp311-musllinux_1_2_aarch64.whl", hash = "sha256:1d37d57ad971609cf3c53ba6a7e365e40660e3be0e5175fa9f2365a379d6095a"},
    {file = "pyyaml-6.0.3-cp311-cp311-musllinux_1_2_x86_64.whl", hash = "sha256:37503bfbfc9d2c40b344d06b2199cf0e96e97957ab1c1b546fd4f87e53e5d3e4"},
    {file = "pyyaml-6.0.3-cp311-cp311-win32.whl", hash = "sha256:8098f252adfa6c80ab48096053f512f2321f0b998f98150cea9bd23d83e1467b"},
    {file = "pyyaml-6.0.3-cp311-cp311-win_amd64.whl", hash = "sha256:9f3bfb4965eb874431221a3ff3fdcddc7e74e3b07799e0e84ca4a0f867d449bf"},
    {file = "pyyaml-6.0.3-cp312-cp312-macosx_10_13_x86_64.whl", hash = "sha256:7f047e29dcae44602496db43be01ad42fc6f1cc0d8cd6c83d342306c32270196"},
    {file = "pyyaml-6.0.3-cp312-cp312-macosx_11_0_arm64.whl", hash = "sha256:fc09d0aa354569bc501d4e787133afc08552722d3ab34836a80547331bb5d4a0"},
    {file = "pyyaml-6.0.3-cp312-cp312-manylinux2014_aarch64.manylinux_2_17_aarch64.manylinux_2_28_aarch64.whl", hash = "sha256:9149cad251584d5fb4981be1ecde53a1ca46c891a79788c0df828d2f166bda28"},
    {file = "pyyaml-6.0.3-cp312-cp312-manylinux2014_s390x.manylinux_2_17_s390x.manylinux_2_28_s390x.whl", hash = "sha256:5fdec68f91a0c6739b380c83b951e2c72ac0197ace422360e6d5a959d8d97b2c"},
    {file = "pyyaml-6.0.3-cp312-cp312-manylinux2014_x86_64.manylinux_2_17_x86_64.manylinux_2_28_x86_64.whl", hash = "sha256:ba1cc08a7ccde2d2ec775841541641e4548226580ab850948cbfda66a1befcdc"},
    {file = "pyyaml-6.0.3-cp312-cp312-musllinux_1_2_aarch64.whl", hash = "sha256:8dc52c23056b9ddd46818a57b78404882310fb473d63f17b07d5c40421e47f8e"},
    {file = "pyyaml-6.0.3-cp312-cp312-musllinux_1_2_x86_64.whl", hash = "sha256:41715c910c881bc081f1e8872880d3c650acf13dfa8214bad49ed4cede7c34ea"},
    {file = "pyyaml-6.0.3-cp312-cp312-win32.whl", hash = "sha256:96b533f0e99f6579b3d4d4995707cf36df9100d67e0c8303a0c55b27b5f99bc5"},
    {file = "pyyaml-6.0.3-cp312-cp312-win_amd64.whl", hash = "sha256:5fcd34e47f6e0b794d17de1b4ff496c00986e1c83f7ab2fb8fcfe9616ff7477b"},
    {file = "pyyaml-6.0.3-cp312-cp312-win_arm64.whl", hash = "sha256:64386e5e707d03a7e172c0701abfb7e10f0fb753ee1d773128192742712a98fd"},
    {file = "pyyaml-6.0.3-cp313-cp313-macosx_10_13_x86_64.whl", hash = "sha256:8da9669d359f02c0b91ccc01cac4a67f16afec0dac22c2ad09f46bee0697eba8"},
    {file = "pyyaml-6.0.3-cp313-cp313-macosx_11_0_arm64.whl", hash = "sha256:2283a07e2c21a2aa78d9c4442724ec1eb15f5e42a723b99cb3d822d48f5f7ad1"},
    {file = "pyyaml-6.0.3-cp313-cp313-manylinux2014_aarch64.manylinux_2_17_aarch64.manylinux_2_28_aarch64.whl", hash = "sha256:ee2922902c45ae8ccada2c5b501ab86c36525b883eff4255313a253a3160861c"},
    {file = "pyyaml-6.0.3-cp313-cp313-manylinux2014_s390x.manylinux_2_17_s390x.manylinux_2_28_s390x.whl", hash = "sha256:a33284e20b78bd4a18c8c2282d549d10bc8408a2a7ff57653c0cf0b9be0afce5"},
    {file = "pyyaml-6.0.3-cp313-cp313-manylinux2014_x86_64.manylinux_2_17_x86_64.manylinux_2_28_x86_64.whl", hash = "sha256:0f29edc409a6392443abf94b9cf89ce99889a1dd5376d94316ae5145dfedd5d6"},
    {file = "pyyaml-6.0.3-cp313-cp313-musllinux_1_2_aarch64.whl", hash = "sha256:f7057c9a337546edc7973c0d3ba84ddcdf0daa14533c2065749c9075001090e6"},
    {file = "pyyaml-6.0.3-cp313-cp313-musllinux_1_2_x86_64.whl", hash = "sha256:eda16858a3cab07b80edaf74336ece1f986ba330fdb8ee0d6c0d68fe82bc96be"},
    {file = "pyyaml-6.0.3-cp313-cp313-win32.whl", hash = "sha256:d0eae10f8159e8fdad514efdc92d74fd8d682c933a6dd088030f3834bc8e6b26"},
    {file = "pyyaml-6.0.3-cp313-cp313-win_amd64.whl", hash = "sha256:79005a0d97d5ddabfeeea4cf676af11e647e41d81c9a7722a193022accdb6b7c"},
    {file = "pyyaml-6.0.3-cp313-cp313-win_arm64.whl", hash = "sha256:5498cd1645aa724a7c71c8f378eb29ebe23da2fc0d7a08071d89469bf1d2defb"},
    {file = "pyyaml-6.0.3-cp314-cp314-macosx_10_13_x86_64.whl", hash = "sha256:8d1fab6bb153a416f9aeb4b8763bc0f22a5586065f86f7664fc23339fc1c1fac"},
    {file = "pyyaml-6.0.3-cp314-cp314-macosx_11_0_arm64.whl", hash = "sha256:34d5fcd24b8445fadc33f9cf348c1047101756fd760b4dacb5c3e99755703310"},
    {file = "pyyaml-6.0.3-cp314-cp314-manylinux2014_aarch64.manylinux_2_17_aarch64.manylinux_2_28_aarch64.whl", hash = "sha256:501a031947e3a9025ed4405a168e6ef5ae3126c59f90ce0cd6f2bfc477be31b7"},
    {file = "pyyaml-6.0.3-cp314-cp314-manylinux2014_s390x.manylinux_2_17_s390x.manylinux_2_28_s390x.whl", hash = "sha256:b3bc83488de33889877a0f2543ade9f70c67d66d9ebb4ac959502e12de895788"},
    {file = "pyyaml-6.0.3-cp314-cp314-manylinux2014_x86_64.manylinux_2_17_x86_64.manylinux_2_28_x86_64.whl", hash = "sha256:c458b6d084f9b935061bc36216e8a69a7e293a2f1e68bf956dcd9e6cbcd143f5"},
    {file = "pyyaml-6.0.3-cp314-cp314-musllinux_1_2_aarch64.whl", hash = "sha256:7c6610def4f163542a622a73fb39f534f8c101d690126992300bf3207eab9764"},
    {file = "pyyaml-6.0.3-cp314-cp314-musllinux_1_2_x86_64.whl", hash = "sha256:5190d403f121660ce8d1d2c1bb2ef1bd05b5f68533fc5c2ea899bd15f4399b35"},
    {file = "pyyaml-6.0.3-cp314-cp314-win_amd64.whl", hash = "sha256:4a2e8cebe2ff6ab7d1050ecd59c25d4c8bd7e6f400f5f82b96557ac0abafd0ac"},
    {file = "pyyaml-6.0.3-cp314-cp314-win_arm64.whl", hash = "sha256:93dda82c9c22deb0a405ea4dc5f2d0cda384168e466364dec6255b293923b2f3"},
    {file = "pyyaml-6.0.3-cp314-cp314t-macosx_10_13_x86_64.whl", hash = "sha256:02893d100e99e03eda1c8fd5c441d8c60103fd175728e23e431db1b589cf5ab3"},
    {file = "pyyaml-6.0.3-cp314-cp314t-macosx_11_0_arm64.whl", hash = "sha256:c1ff362665ae507275af2853520967820d9124984e0f7466736aea23d8611fba"},
    {file = "pyyaml-6.0.3-cp314-cp314t-manylinux2014_aarch64.manylinux_2_17_aarch64.manylinux_2_28_aarch64.whl", hash = "sha256:6adc77889b628398debc7b65c073bcb99c4a0237b248cacaf3fe8a557563ef6c"},
    {file = "pyyaml-6.0.3-cp314-cp314t-manylinux2014_s390x.manylinux_2_17_s390x.manylinux_2_28_s390x.whl", hash = "sha256:a80cb027f6b349846a3bf6d73b5e95e782175e52f22108cfa17876aaeff93702"},
    {file = "pyyaml-6.0.3-cp314-cp314t-manylinux2014_x86_64.manylinux_2_17_x86_64.manylinux_2_28_x86_64.whl", hash = "sha256:00c4bdeba853cc34e7dd471f16b4114f4162dc03e6b7afcc2128711f0eca823c"},
    {file = "pyyaml-6.0.3-cp314-cp314t-musllinux_1_2_aarch64.whl", hash = "sha256:66e1674c3ef6f541c35191caae2d429b967b99e02040f5ba928632d9a7f0f065"},
    {file = "pyyaml-6.0.3-cp314-cp314t-musllinux_1_2_x86_64.whl", hash = "sha256:16249ee61e95f858e83976573de0f5b2893b3677ba71c9dd36b9cf8be9ac6d65"},
    {file = "pyyaml-6.0.3-cp314-cp314t-win_amd64.whl", hash = "sha256:4ad1906908f2f5ae4e5a8ddfce73c320c2a1429ec52eafd27138b7f1cbe341c9"},
    {file = "pyyaml-6.0.3-cp314-cp314t-win_arm64.whl", hash = "sha256:ebc55a14a21cb14062aa4162f906cd962b28e2e9ea38f9b4391244cd8de4ae0b"},
    {file = "pyyaml-6.0.3-cp39-cp39-macosx_10_13_x86_64.whl", hash = "sha256:b865addae83924361678b652338317d1bd7e79b1f4596f96b96c77a5a34b34da"},
    {file = "pyyaml-6.0.3-cp39-cp39-macosx_11_0_arm64.whl", hash = "sha256:c3355370a2c156cffb25e876646f149d5d68f5e0a3ce86a5084dd0b64a994917"},
    {file = "pyyaml-6.0.3-cp39-cp39-manylinux2014_aarch64.manylinux_2_17_aarch64.manylinux_2_28_aarch64.whl", hash = "sha256:3c5677e12444c15717b902a5798264fa7909e41153cdf9ef7ad571b704a63dd9"},
    {file = "pyyaml-6.0.3-cp39-cp39-manylinux2014_s390x.manylinux_2_17_s390x.manylinux_2_28_s390x.whl", hash = "sha256:5ed875a24292240029e4483f9d4a4b8a1ae08843b9c54f43fcc11e404532a8a5"},
    {file = "pyyaml-6.0.3-cp39-cp39-manylinux2014_x86_64.manylinux_2_17_x86_64.manylinux_2_28_x86_64.whl", hash = "sha256:0150219816b6a1fa26fb4699fb7daa9caf09eb1999f3b70fb6e786805e80375a"},
    {file = "pyyaml-6.0.3-cp39-cp39-musllinux_1_2_aarch64.whl", hash = "sha256:fa160448684b4e94d80416c0fa4aac48967a969efe22931448d853ada8baf926"},
    {file = "pyyaml-6.0.3-cp39-cp39-musllinux_1_2_x86_64.whl", hash = "sha256:27c0abcb4a5dac13684a37f76e701e054692a9b2d3064b70f5e4eb54810553d7"},
    {file = "pyyaml-6.0.3-cp39-cp39-win32.whl", hash = "sha256:1ebe39cb5fc479422b83de611d14e2c0d3bb2a18bbcb01f229ab3cfbd8fee7a0"},
    {file = "pyyaml-6.0.3-cp39-cp39-win_amd64.whl", hash = "sha256:2e71d11abed7344e42a8849600193d15b6def118602c4c176f748e4583246007"},
    {file = "pyyaml-6.0.3.tar.gz", hash = "sha256:d76623373421df22fb4cf8817020cbb7ef15c725b9d5e45f17e189bfc384190f"},
]

[[package]]
name = "ruff"
version = "0.15.14"
description = "An extremely fast Python linter and code formatter, written in Rust."
optional = false
python-versions = ">=3.7"
groups = ["dev"]
files = [
    {file = "ruff-0.15.14-py3-none-linux_armv6l.whl", hash = "sha256:8dd2db9416e487c8d4b01fa7056bb02c4d05969d4f8d17a08c229c2f4ff3c108"},
    {file = "ruff-0.15.14-py3-none-macosx_10_12_x86_64.whl", hash = "sha256:be4ff55af755bd71a00ab3dc6bd7ffc467bd76e0df6881e286c2e3d23e8fb43b"},
    {file = "ruff-0.15.14-py3-none-macosx_11_0_arm64.whl", hash = "sha256:48d5909d7d06276ce7dde6d32bfa4b0d4cb2651145cd8ee4b440722cbc77832f"},
    {file = "ruff-0.15.14-py3-none-manylinux_2_17_aarch64.manylinux2014_aarch64.whl", hash = "sha256:ca8cbfa94c4f90984a67561978602746d4cd27103568f745fa90eee3f0d4107d"},
    {file = "ruff-0.15.14-py3-none-manylinux_2_17_armv7l.manylinux2014_armv7l.whl", hash = "sha256:9a6bbc0333f1ab053423bcbf6226477d266ca7cec7738c4c8e3f55647803f3c4"},
    {file = "ruff-0.15.14-py3-none-manylinux_2_17_i686.manylinux2014_i686.whl", hash = "sha256:8a24a4f7605d7003a6674d4387651effd939dead3fddd0f36561eb77a9a2e542"},
    {file = "ruff-0.15.14-py3-none-manylinux_2_17_ppc64le.manylinux2014_ppc64le.whl", hash = "sha256:049b5326e53ed80978f2fc041a280603f69dd6b0c95464342a2bb4572d9d9e2f"},
    {file = "ruff-0.15.14-py3-none-manylinux_2_17_s390x.manylinux2014_s390x.whl", hash = "sha256:d4ed42e6696c8dfa5f06728e6441993901f548eb92d73bc472cb5a38d1395fbf"},
    {file = "ruff-0.15.14-py3-none-manylinux_2_17_x86_64.manylinux2014_x86_64.whl", hash = "sha256:715c543cf450c4888251f91c52f1942a800541d9bddd7ac060aa4e6b77ae7cba"},
    {file = "ruff-0.15.14-py3-none-manylinux_2_31_riscv64.whl", hash = "sha256:72ebab6013ec887d439d8b7593737a0a4ffb06d45d209d4e4bf2e92813082d3f"},
    {file = "ruff-0.15.14-py3-none-musllinux_1_2_aarch64.whl", hash = "sha256:49072d36abdbe97a8dd7f480afe9c675699c0c495d4c84076e2c1203c4550581"},
    {file = "ruff-0.15.14-py3-none-musllinux_1_2_armv7l.whl", hash = "sha256:958522aee105068640c2c2ceae08f413ae44d922f52a1374ac13d6a96032fc93"},
    {file = "ruff-0.15.14-py3-none-musllinux_1_2_i686.whl", hash = "sha256:f3707da619a143a2e8830e2abab8224478d69ace2d28cb6c20543ae97c36bf61"},
    {file = "ruff-0.15.14-py3-none-musllinux_1_2_x86_64.whl", hash = "sha256:bb01d645694e3ec0102105d07ef2d53703970407d59c04e59d3ba0b7a1d53553"},
    {file = "ruff-0.15.14-py3-none-win32.whl", hash = "sha256:6d0c1ad2a0ab718d39b6d8fd2217981ce4d625cd96a720095f798fb47d8b13e6"},
    {file = "ruff-0.15.14-py3-none-win_amd64.whl", hash = "sha256:802342981e056db3851a7836e5b070f8f15f67d4a685ae2a6160939d364b2902"},
    {file = "ruff-0.15.14-py3-none-win_arm64.whl", hash = "sha256:ff47b90a9ef6a40c9e2f3b479c1fb78531adf055b94c1eba0a7ba04b31951826"},
    {file = "ruff-0.15.14.tar.gz", hash = "sha256:48e866b165be4a9bdbf310f7d3c9a07edef2fe8cd63ffeb4e00bb590506ebf9f"},
]

[[package]]
name = "types-psutil"
version = "7.2.2.20260518"
description = "Typing stubs for psutil"
optional = false
python-versions = ">=3.10"
groups = ["dev"]
files = [
    {file = "types_psutil-7.2.2.20260518-py3-none-any.whl", hash = "sha256:6a3d697665754a60d7b5a41d5a2cff12b53f5e0676d77810cd28ba5e14cb4049"},
    {file = "types_psutil-7.2.2.20260518.tar.gz", hash = "sha256:9f825f631463a5b4d26f19f63aebc9ec25f01140d655026f3ad8a67841f9b331"},
]

[[package]]
name = "typing-extensions"
version = "4.12.2"
description = "Backported and Experimental Type Hints for Python 3.8+"
optional = false
python-versions = ">=3.8"
groups = ["dev"]
files = [
    {file = "typing_extensions-4.12.2-py3-none-any.whl", hash = "sha256:04e5ca0351e0f3f85c6853954072df659d0d13fac324d0072316b67d7794700d"},
    {file = "typing_extensions-4.12.2.tar.gz", hash = "sha256:1a7ead55c7e559dd4dee8856e3a88b41225abfe1ce8df57b7c13915fe121ffb8"},
]

[[package]]
name = "vdf"
version = "3.4"
description = "Library for working with Valve's VDF text format"
optional = false
python-versions = "*"
groups = ["main"]
files = [
    {file = "vdf-3.4-py2.py3-none-any.whl", hash = "sha256:68c1a125cc49e343d535af2dd25074e9cb0908c6607f073947c4a04bbe234534"},
    {file = "vdf-3.4.tar.gz", hash = "sha256:fd5419f41e07a1009e5ffd027c7dcbe43d1f7e8ef453aeaa90d9d04b807de2af"},
]

[metadata]
lock-version = "2.1"
python-versions = ">=3.13,<4.0"
content-hash = "7eb5759075a1fed2c50e23f181a84366c325de9092046ed5362fee4590718cde"
